
Microsoft Visual Studio Solution File, Format Version 12.00
# Visual Studio Version 17
VisualStudioVersion = 17.8.34330.188
MinimumVisualStudioVersion = 10.0.40219.1
Project("{8BC9CEB8-8B4A-11D0-8D11-00A0C91BC942}") = "ArrayScalarMultiplication", "ArrayScalarMultiplication\ArrayScalarMultiplication.vcxproj", "{19D22E45-705F-4A66-844D-017A4560AD81}"
EndProject
Global
	GlobalSection(SolutionConfigurationPlatforms) = preSolution
		Debug|x64 = Debug|x64
		Debug|x86 = Debug|x86
		Release|x64 = Release|x64
		Release|x86 = Release|x86
	EndGlobalSection
	GlobalSection(ProjectConfigurationPlatforms) = postSolution
		{19D22E45-705F-4A66-844D-017A4560AD81}.Debug|x64.ActiveCfg = Debug|x64
		{19D22E45-705F-4A66-844D-017A4560AD81}.Debug|x64.Build.0 = Debug|x64
		{19D22E45-705F-4A66-844D-017A4560AD81}.Debug|x86.ActiveCfg = Debug|Win32
		{19D22E45-705F-4A66-844D-017A4560AD81}.Debug|x86.Build.0 = Debug|Win32
		{19D22E45-705F-4A66-844D-017A4560AD81}.Release|x64.ActiveCfg = Release|x64
		{19D22E45-705F-4A66-844D-017A4560AD81}.Release|x64.Build.0 = Release|x64
		{19D22E45-705F-4A66-844D-017A4560AD81}.Release|x86.ActiveCfg = Release|Win32
		{19D22E45-705F-4A66-844D-017A4560AD81}.Release|x86.Build.0 = Release|Win32
	EndGlobalSection
	GlobalSection(SolutionProperties) = preSolution
		HideSolutionNode = FALSE
	EndGlobalSection
	GlobalSection(ExtensibilityGlobals) = postSolution
		SolutionGuid = {74E49FDA-9AAD-4A78-B2F7-7DAAF868FB77}
	EndGlobalSection
EndGlobal
